// !$*UTF8*$!
{
	archiveVersion = 1;
	classes = {
	};
	objectVersion = 50;
	objects = {

/* Begin PBXBuildFile section */
		94EB028F262DCECC00C9403C /* AppDelegate.swift in Sources */ = {isa = PBXBuildFile; fileRef = 94EB028E262DCECC00C9403C /* AppDelegate.swift */; };
		94EB0291262DCECC00C9403C /* SceneDelegate.swift in Sources */ = {isa = PBXBuildFile; fileRef = 94EB0290262DCECC00C9403C /* SceneDelegate.swift */; };
		94EB0293262DCECC00C9403C /* ViewController.swift in Sources */ = {isa = PBXBuildFile; fileRef = 94EB0292262DCECC00C9403C /* ViewController.swift */; };
		94EB0296262DCECC00C9403C /* Main.storyboard in Resources */ = {isa = PBXBuildFile; fileRef = 94EB0294262DCECC00C9403C /* Main.storyboard */; };
		94EB0298262DCED100C9403C /* Assets.xcassets in Resources */ = {isa = PBXBuildFile; fileRef = 94EB0297262DCED100C9403C /* Assets.xcassets */; };
		94EB029B262DCED100C9403C /* LaunchScreen.storyboard in Resources */ = {isa = PBXBuildFile; fileRef = 94EB0299262DCED100C9403C /* LaunchScreen.storyboard */; };
		94EB02A6262DCED100C9403C /* finalAppTests.swift in Sources */ = {isa = PBXBuildFile; fileRef = 94EB02A5262DCED100C9403C /* finalAppTests.swift */; };
		94EB02B1262DCED100C9403C /* finalAppUITests.swift in Sources */ = {isa = PBXBuildFile; fileRef = 94EB02B0262DCED100C9403C /* finalAppUITests.swift */; };
/* End PBXBuildFile section */

/* Begin PBXContainerItemProxy section */
		94EB02A2262DCED100C9403C /* PBXContainerItemProxy */ = {
			isa = PBXContainerItemProxy;
			containerPortal = 94EB0283262DCECC00C9403C /* Project object */;
			proxyType = 1;
			remoteGlobalIDString = 94EB028A262DCECC00C9403C;
			remoteInfo = finalApp;
		};
		94EB02AD262DCED100C9403C /* PBXContainerItemProxy */ = {
			isa = PBXContainerItemProxy;
			containerPortal = 94EB0283262DCECC00C9403C /* Project object */;
			proxyType = 1;
			remoteGlobalIDString = 94EB028A262DCECC00C9403C;
			remoteInfo = finalApp;
		};
/* End PBXContainerItemProxy section */

/* Begin PBXFileReference section */
		94EB028B262DCECC00C9403C /* finalApp.app */ = {isa = PBXFileReference; explicitFileType = wrapper.application; includeInIndex = 0; path = finalApp.app; sourceTree = BUILT_PRODUCTS_DIR; };
		94EB028E262DCECC00C9403C /* AppDelegate.swift */ = {isa = PBXFileReference; lastKnownFileType = sourcecode.swift; path = AppDelegate.swift; sourceTree = "<group>"; };
		94EB0290262DCECC00C9403C /* SceneDelegate.swift */ = {isa = PBXFileReference; lastKnownFileType = sourcecode.swift; path = SceneDelegate.swift; sourceTree = "<group>"; };
		94EB0292262DCECC00C9403C /* ViewController.swift */ = {isa = PBXFileReference; lastKnownFileType = sourcecode.swift; path = ViewController.swift; sourceTree = "<group>"; };
		94EB0295262DCECC00C9403C /* Base */ = {isa = PBXFileReference; lastKnownFileType = file.storyboard; name = Base; path = Base.lproj/Main.storyboard; sourceTree = "<group>"; };
		94EB0297262DCED100C9403C /* Assets.xcassets */ = {isa = PBXFileReference; lastKnownFileType = folder.assetcatalog; path = Assets.xcassets; sourceTree = "<group>"; };
		94EB029A262DCED100C9403C /* Base */ = {isa = PBXFileReference; lastKnownFileType = file.storyboard; name = Base; path = Base.lproj/LaunchScreen.storyboard; sourceTree = "<group>"; };
		94EB029C262DCED100C9403C /* Info.plist */ = {isa = PBXFileReference; lastKnownFileType = text.plist.xml; path = Info.plist; sourceTree = "<group>"; };
		94EB02A1262DCED100C9403C /* finalAppTests.xctest */ = {isa = PBXFileReference; explicitFileType = wrapper.cfbundle; includeInIndex = 0; path = finalAppTests.xctest; sourceTree = BUILT_PRODUCTS_DIR; };
		94EB02A5262DCED100C9403C /* finalAppTests.swift */ = {isa = PBXFileReference; lastKnownFileType = sourcecode.swift; path = finalAppTests.swift; sourceTree = "<group>"; };
		94EB02A7262DCED100C9403C /* Info.plist */ = {isa = PBXFileReference; lastKnownFileType = text.plist.xml; path = Info.plist; sourceTree = "<group>"; };
		94EB02AC262DCED100C9403C /* finalAppUITests.xctest */ = {isa = PBXFileReference; explicitFileType = wrapper.cfbundle; includeInIndex = 0; path = finalAppUITests.xctest; sourceTree = BUILT_PRODUCTS_DIR; };
		94EB02B0262DCED100C9403C /* finalAppUITests.swift */ = {isa = PBXFileReference; lastKnownFileType = sourcecode.swift; path = finalAppUITests.swift; sourceTree = "<group>"; };
		94EB02B2262DCED100C9403C /* Info.plist */ = {isa = PBXFileReference; lastKnownFileType = text.plist.xml; path = Info.plist; sourceTree = "<group>"; };
/* End PBXFileReference section */

/* Begin PBXFrameworksBuildPhase section */
		94EB0288262DCECC00C9403C /* Frameworks */ = {
			isa = PBXFrameworksBuildPhase;
			buildActionMask = 2147483647;
			files = (
			);
			runOnlyForDeploymentPostprocessing = 0;
		};
		94EB029E262DCED100C9403C /* Frameworks */ = {
			isa = PBXFrameworksBuildPhase;
			buildActionMask = 2147483647;
			files = (
			);
			runOnlyForDeploymentPostprocessing = 0;
		};
		94EB02A9262DCED100C9403C /* Frameworks */ = {
			isa = PBXFrameworksBuildPhase;
			buildActionMask = 2147483647;
			files = (
			);
			runOnlyForDeploymentPostprocessing = 0;
		};
/* End PBXFrameworksBuildPhase section */

/* Begin PBXGroup section */
		94EB0282262DCECC00C9403C = {
			isa = PBXGroup;
			children = (
				94EB028D262DCECC00C9403C /* finalApp */,
				94EB02A4262DCED100C9403C /* finalAppTests */,
				94EB02AF262DCED100C9403C /* finalAppUITests */,
				94EB028C262DCECC00C9403C /* Products */,
			);
			sourceTree = "<group>";
		};
		94EB028C262DCECC00C9403C /* Products */ = {
			isa = PBXGroup;
			children = (
				94EB028B262DCECC00C9403C /* finalApp.app */,
				94EB02A1262DCED100C9403C /* finalAppTests.xctest */,
				94EB02AC262DCED100C9403C /* finalAppUITests.xctest */,
			);
			name = Products;
			sourceTree = "<group>";
		};
		94EB028D262DCECC00C9403C /* finalApp */ = {
			isa = PBXGroup;
			children = (
				94EB028E262DCECC00C9403C /* AppDelegate.swift */,
				94EB0290262DCECC00C9403C /* SceneDelegate.swift */,
				94EB0292262DCECC00C9403C /* ViewController.swift */,
				94EB0294262DCECC00C9403C /* Main.storyboard */,
				94EB0297262DCED100C9403C /* Assets.xcassets */,
				94EB0299262DCED100C9403C /* LaunchScreen.storyboard */,
				94EB029C262DCED100C9403C /* Info.plist */,
			);
			path = finalApp;
			sourceTree = "<group>";
		};
		94EB02A4262DCED100C9403C /* finalAppTests */ = {
			isa = PBXGroup;
			children = (
				94EB02A5262DCED100C9403C /* finalAppTests.swift */,
				94EB02A7262DCED100C9403C /* Info.plist */,
			);
			path = finalAppTests;
			sourceTree = "<group>";
		};
		94EB02AF262DCED100C9403C /* finalAppUITests */ = {
			isa = PBXGroup;
			children = (
				94EB02B0262DCED100C9403C /* finalAppUITests.swift */,
				94EB02B2262DCED100C9403C /* Info.plist */,
			);
			path = finalAppUITests;
			sourceTree = "<group>";
		};
/* End PBXGroup section */

/* Begin PBXNativeTarget section */
		94EB028A262DCECC00C9403C /* finalApp */ = {
			isa = PBXNativeTarget;
			buildConfigurationList = 94EB02B5262DCED100C9403C /* Build configuration list for PBXNativeTarget "finalApp" */;
			buildPhases = (
				94EB0287262DCECC00C9403C /* Sources */,
				94EB0288262DCECC00C9403C /* Frameworks */,
				94EB0289262DCECC00C9403C /* Resources */,
			);
			buildRules = (
			);
			dependencies = (
			);
			name = finalApp;
			productName = finalApp;
			productReference = 94EB028B262DCECC00C9403C /* finalApp.app */;
			productType = "com.apple.product-type.application";
		};
		94EB02A0262DCED100C9403C /* finalAppTests */ = {
			isa = PBXNativeTarget;
			buildConfigurationList = 94EB02B8262DCED100C9403C /* Build configuration list for PBXNativeTarget "finalAppTests" */;
			buildPhases = (
				94EB029D262DCED100C9403C /* Sources */,
				94EB029E262DCED100C9403C /* Frameworks */,
				94EB029F262DCED100C9403C /* Resources */,
			);
			buildRules = (
			);
			dependencies = (
				94EB02A3262DCED100C9403C /* PBXTargetDependency */,
			);
			name = finalAppTests;
			productName = finalAppTests;
			productReference = 94EB02A1262DCED100C9403C /* finalAppTests.xctest */;
			productType = "com.apple.product-type.bundle.unit-test";
		};
		94EB02AB262DCED100C9403C /* finalAppUITests */ = {
			isa = PBXNativeTarget;
			buildConfigurationList = 94EB02BB262DCED100C9403C /* Build configuration list for PBXNativeTarget "finalAppUITests" */;
			buildPhases = (
				94EB02A8262DCED100C9403C /* Sources */,
				94EB02A9262DCED100C9403C /* Frameworks */,
				94EB02AA262DCED100C9403C /* Resources */,
			);
			buildRules = (
			);
			dependencies = (
				94EB02AE262DCED100C9403C /* PBXTargetDependency */,
			);
			name = finalAppUITests;
			productName = finalAppUITests;
			productReference = 94EB02AC262DCED100C9403C /* finalAppUITests.xctest */;
			productType = "com.apple.product-type.bundle.ui-testing";
		};
/* End PBXNativeTarget section */

/* Begin PBXProject section */
		94EB0283262DCECC00C9403C /* Project object */ = {
			isa = PBXProject;
			attributes = {
				LastSwiftUpdateCheck = 1130;
				LastUpgradeCheck = 1130;
				ORGANIZATIONNAME = "Mitchell Mohler";
				TargetAttributes = {
					94EB028A262DCECC00C9403C = {
						CreatedOnToolsVersion = 11.3.1;
					};
					94EB02A0262DCED100C9403C = {
						CreatedOnToolsVersion = 11.3.1;
						TestTargetID = 94EB028A262DCECC00C9403C;
					};
					94EB02AB262DCED100C9403C = {
						CreatedOnToolsVersion = 11.3.1;
						TestTargetID = 94EB028A262DCECC00C9403C;
					};
				};
			};
			buildConfigurationList = 94EB0286262DCECC00C9403C /* Build configuration list for PBXProject "finalApp" */;
			compatibilityVersion = "Xcode 9.3";
			developmentRegion = en;
			hasScannedForEncodings = 0;
			knownRegions = (
				en,
				Base,
			);
			mainGroup = 94EB0282262DCECC00C9403C;
			productRefGroup = 94EB028C262DCECC00C9403C /* Products */;
			projectDirPath = "";
			projectRoot = "";
			targets = (
				94EB028A262DCECC00C9403C /* finalApp */,
				94EB02A0262DCED100C9403C /* finalAppTests */,
				94EB02AB262DCED100C9403C /* finalAppUITests */,
			);
		};
/* End PBXProject section */

/* Begin PBXResourcesBuildPhase section */
		94EB0289262DCECC00C9403C /* Resources */ = {
			isa = PBXResourcesBuildPhase;
			buildActionMask = 2147483647;
			files = (
				94EB029B262DCED100C9403C /* LaunchScreen.storyboard in Resources */,
				94EB0298262DCED100C9403C /* Assets.xcassets in Resources */,
				94EB0296262DCECC00C9403C /* Main.storyboard in Resources */,
			);
			runOnlyForDeploymentPostprocessing = 0;
		};
		94EB029F262DCED100C9403C /* Resources */ = {
			isa = PBXResourcesBuildPhase;
			buildActionMask = 2147483647;
			files = (
			);
			runOnlyForDeploymentPostprocessing = 0;
		};
		94EB02AA262DCED100C9403C /* Resources */ = {
			isa = PBXResourcesBuildPhase;
			buildActionMask = 2147483647;
			files = (
			);
			runOnlyForDeploymentPostprocessing = 0;
		};
/* End PBXResourcesBuildPhase section */

/* Begin PBXSourcesBuildPhase section */
		94EB0287262DCECC00C9403C /* Sources */ = {
			isa = PBXSourcesBuildPhase;
			buildActionMask = 2147483647;
			files = (
				94EB0293262DCECC00C9403C /* ViewController.swift in Sources */,
				94EB028F262DCECC00C9403C /* AppDelegate.swift in Sources */,
				94EB0291262DCECC00C9403C /* SceneDelegate.swift in Sources */,
			);
			runOnlyForDeploymentPostprocessing = 0;
		};
		94EB029D262DCED100C9403C /* Sources */ = {
			isa = PBXSourcesBuildPhase;
			buildActionMask = 2147483647;
			files = (
				94EB02A6262DCED100C9403C /* finalAppTests.swift in Sources */,
			);
			runOnlyForDeploymentPostprocessing = 0;
		};
		94EB02A8262DCED100C9403C /* Sources */ = {
			isa = PBXSourcesBuildPhase;
			buildActionMask = 2147483647;
			files = (
				94EB02B1262DCED100C9403C /* finalAppUITests.swift in Sources */,
			);
			runOnlyForDeploymentPostprocessing = 0;
		};
/* End PBXSourcesBuildPhase section */

/* Begin PBXTargetDependency section */
		94EB02A3262DCED100C9403C /* PBXTargetDependency */ = {
			isa = PBXTargetDependency;
			target = 94EB028A262DCECC00C9403C /* finalApp */;
			targetProxy = 94EB02A2262DCED100C9403C /* PBXContainerItemProxy */;
		};
		94EB02AE262DCED100C9403C /* PBXTargetDependency */ = {
			isa = PBXTargetDependency;
			target = 94EB028A262DCECC00C9403C /* finalApp */;
			targetProxy = 94EB02AD262DCED100C9403C /* PBXContainerItemProxy */;
		};
/* End PBXTargetDependency section */

/* Begin PBXVariantGroup section */
		94EB0294262DCECC00C9403C /* Main.storyboard */ = {
			isa = PBXVariantGroup;
			children = (
				94EB0295262DCECC00C9403C /* Base */,
			);
			name = Main.storyboard;
			sourceTree = "<group>";
		};
		94EB0299262DCED100C9403C /* LaunchScreen.storyboard */ = {
			isa = PBXVariantGroup;
			children = (
				94EB029A262DCED100C9403C /* Base */,
			);
			name = LaunchScreen.storyboard;
			sourceTree = "<group>";
		};
/* End PBXVariantGroup section */

/* Begin XCBuildConfiguration section */
		94EB02B3262DCED100C9403C /* Debug */ = {
			isa = XCBuildConfiguration;
			buildSettings = {
				ALWAYS_SEARCH_USER_PATHS = NO;
				CLANG_ANALYZER_NONNULL = YES;
				CLANG_ANALYZER_NUMBER_OBJECT_CONVERSION = YES_AGGRESSIVE;
				CLANG_CXX_LANGUAGE_STANDARD = "gnu++14";
				CLANG_CXX_LIBRARY = "libc++";
				CLANG_ENABLE_MODULES = YES;
				CLANG_ENABLE_OBJC_ARC = YES;
				CLANG_ENABLE_OBJC_WEAK = YES;
				CLANG_WARN_BLOCK_CAPTURE_AUTORELEASING = YES;
				CLANG_WARN_BOOL_CONVERSION = YES;
				CLANG_WARN_COMMA = YES;
				CLANG_WARN_CONSTANT_CONVERSION = YES;
				CLANG_WARN_DEPRECATED_OBJC_IMPLEMENTATIONS = YES;
				CLANG_WARN_DIRECT_OBJC_ISA_USAGE = YES_ERROR;
				CLANG_WARN_DOCUMENTATION_COMMENTS = YES;
				CLANG_WARN_EMPTY_BODY = YES;
				CLANG_WARN_ENUM_CONVERSION = YES;
				CLANG_WARN_INFINITE_RECURSION = YES;
				CLANG_WARN_INT_CONVERSION = YES;
				CLANG_WARN_NON_LITERAL_NULL_CONVERSION = YES;
				CLANG_WARN_OBJC_IMPLICIT_RETAIN_SELF = YES;
				CLANG_WARN_OBJC_LITERAL_CONVERSION = YES;
				CLANG_WARN_OBJC_ROOT_CLASS = YES_ERROR;
				CLANG_WARN_RANGE_LOOP_ANALYSIS = YES;
				CLANG_WARN_STRICT_PROTOTYPES = YES;
				CLANG_WARN_SUSPICIOUS_MOVE = YES;
				CLANG_WARN_UNGUARDED_AVAILABILITY = YES_AGGRESSIVE;
				CLANG_WARN_UNREACHABLE_CODE = YES;
				CLANG_WARN__DUPLICATE_METHOD_MATCH = YES;
				COPY_PHASE_STRIP = NO;
				DEBUG_INFORMATION_FORMAT = dwarf;
				ENABLE_STRICT_OBJC_MSGSEND = YES;
				ENABLE_TESTABILITY = YES;
				GCC_C_LANGUAGE_STANDARD = gnu11;
				GCC_DYNAMIC_NO_PIC = NO;
				GCC_NO_COMMON_BLOCKS = YES;
				GCC_OPTIMIZATION_LEVEL = 0;
				GCC_PREPROCESSOR_DEFINITIONS = (
					"DEBUG=1",
					"$(inherited)",
				);
				GCC_WARN_64_TO_32_BIT_CONVERSION = YES;
				GCC_WARN_ABOUT_RETURN_TYPE = YES_ERROR;
				GCC_WARN_UNDECLARED_SELECTOR = YES;
				GCC_WARN_UNINITIALIZED_AUTOS = YES_AGGRESSIVE;
				GCC_WARN_UNUSED_FUNCTION = YES;
				GCC_WARN_UNUSED_VARIABLE = YES;
				IPHONEOS_DEPLOYMENT_TARGET = 13.2;
				MTL_ENABLE_DEBUG_INFO = INCLUDE_SOURCE;
				MTL_FAST_MATH = YES;
				ONLY_ACTIVE_ARCH = YES;
				SDKROOT = iphoneos;
				SWIFT_ACTIVE_COMPILATION_CONDITIONS = DEBUG;
				SWIFT_OPTIMIZATION_LEVEL = "-Onone";
			};
			name = Debug;
		};
		94EB02B4262DCED100C9403C /* Release */ = {
			isa = XCBuildConfiguration;
			buildSettings = {
				ALWAYS_SEARCH_USER_PATHS = NO;
				CLANG_ANALYZER_NONNULL = YES;
				CLANG_ANALYZER_NUMBER_OBJECT_CONVERSION = YES_AGGRESSIVE;
				CLANG_CXX_LANGUAGE_STANDARD = "gnu++14";
				CLANG_CXX_LIBRARY = "libc++";
				CLANG_ENABLE_MODULES = YES;
				CLANG_ENABLE_OBJC_ARC = YES;
				CLANG_ENABLE_OBJC_WEAK = YES;
				CLANG_WARN_BLOCK_CAPTURE_AUTORELEASING = YES;
				CLANG_WARN_BOOL_CONVERSION = YES;
				CLANG_WARN_COMMA = YES;
				CLANG_WARN_CONSTANT_CONVERSION = YES;
				CLANG_WARN_DEPRECATED_OBJC_IMPLEMENTATIONS = YES;
				CLANG_WARN_DIRECT_OBJC_ISA_USAGE = YES_ERROR;
				CLANG_WARN_DOCUMENTATION_COMMENTS = YES;
				CLANG_WARN_EMPTY_BODY = YES;
				CLANG_WARN_ENUM_CONVERSION = YES;
				CLANG_WARN_INFINITE_RECURSION = YES;
				CLANG_WARN_INT_CONVERSION = YES;
				CLANG_WARN_NON_LITERAL_NULL_CONVERSION = YES;
				CLANG_WARN_OBJC_IMPLICIT_RETAIN_SELF = YES;
				CLANG_WARN_OBJC_LITERAL_CONVERSION = YES;
				CLANG_WARN_OBJC_ROOT_CLASS = YES_ERROR;
				CLANG_WARN_RANGE_LOOP_ANALYSIS = YES;
				CLANG_WARN_STRICT_PROTOTYPES = YES;
				CLANG_WARN_SUSPICIOUS_MOVE = YES;
				CLANG_WARN_UNGUARDED_AVAILABILITY = YES_AGGRESSIVE;
				CLANG_WARN_UNREACHABLE_CODE = YES;
				CLANG_WARN__DUPLICATE_METHOD_MATCH = YES;
				COPY_PHASE_STRIP = NO;
				DEBUG_INFORMATION_FORMAT = "dwarf-with-dsym";
				ENABLE_NS_ASSERTIONS = NO;
				ENABLE_STRICT_OBJC_MSGSEND = YES;
				GCC_C_LANGUAGE_STANDARD = gnu11;
				GCC_NO_COMMON_BLOCKS = YES;
				GCC_WARN_64_TO_32_BIT_CONVERSION = YES;
				GCC_WARN_ABOUT_RETURN_TYPE = YES_ERROR;
				GCC_WARN_UNDECLARED_SELECTOR = YES;
				GCC_WARN_UNINITIALIZED_AUTOS = YES_AGGRESSIVE;
				GCC_WARN_UNUSED_FUNCTION = YES;
				GCC_WARN_UNUSED_VARIABLE = YES;
				IPHONEOS_DEPLOYMENT_TARGET = 13.2;
				MTL_ENABLE_DEBUG_INFO = NO;
				MTL_FAST_MATH = YES;
				SDKROOT = iphoneos;
				SWIFT_COMPILATION_MODE = wholemodule;
				SWIFT_OPTIMIZATION_LEVEL = "-O";
				VALIDATE_PRODUCT = YES;
			};
			name = Release;
		};
		94EB02B6262DCED100C9403C /* Debug */ = {
			isa = XCBuildConfiguration;
			buildSettings = {
				ASSETCATALOG_COMPILER_APPICON_NAME = AppIcon;
				CODE_SIGN_STYLE = Automatic;
				INFOPLIST_FILE = finalApp/Info.plist;
				LD_RUNPATH_SEARCH_PATHS = (
					"$(inherited)",
					"@executable_path/Frameworks",
				);
				PRODUCT_BUNDLE_IDENTIFIER = com.fitzer.finalApp;
				PRODUCT_NAME = "$(TARGET_NAME)";
				SWIFT_VERSION = 5.0;
				TARGETED_DEVICE_FAMILY = "1,2";
			};
			name = Debug;
		};
		94EB02B7262DCED100C9403C /* Release */ = {
			isa = XCBuildConfiguration;
			buildSettings = {
				ASSETCATALOG_COMPILER_APPICON_NAME = AppIcon;
				CODE_SIGN_STYLE = Automatic;
				INFOPLIST_FILE = finalApp/Info.plist;
				LD_RUNPATH_SEARCH_PATHS = (
					"$(inherited)",
					"@executable_path/Frameworks",
				);
				PRODUCT_BUNDLE_IDENTIFIER = com.fitzer.finalApp;
				PRODUCT_NAME = "$(TARGET_NAME)";
				SWIFT_VERSION = 5.0;
				TARGETED_DEVICE_FAMILY = "1,2";
			};
			name = Release;
		};
		94EB02B9262DCED100C9403C /* Debug */ = {
			isa = XCBuildConfiguration;
			buildSettings = {
				ALWAYS_EMBED_SWIFT_STANDARD_LIBRARIES = YES;
				BUNDLE_LOADER = "$(TEST_HOST)";
				CODE_SIGN_STYLE = Automatic;
				INFOPLIST_FILE = finalAppTests/Info.plist;
				IPHONEOS_DEPLOYMENT_TARGET = 13.2;
				LD_RUNPATH_SEARCH_PATHS = (
					"$(inherited)",
					"@executable_path/Frameworks",
					"@loader_path/Frameworks",
				);
				PRODUCT_BUNDLE_IDENTIFIER = com.fitzer.finalAppTests;
				PRODUCT_NAME = "$(TARGET_NAME)";
				SWIFT_VERSION = 5.0;
				TARGETED_DEVICE_FAMILY = "1,2";
				TEST_HOST = "$(BUILT_PRODUCTS_DIR)/finalApp.app/finalApp";
			};
			name = Debug;
		};
		94EB02BA262DCED100C9403C /* Release */ = {
			isa = XCBuildConfiguration;
			buildSettings = {
				ALWAYS_EMBED_SWIFT_STANDARD_LIBRARIES = YES;
				BUNDLE_LOADER = "$(TEST_HOST)";
				CODE_SIGN_STYLE = Automatic;
				INFOPLIST_FILE = finalAppTests/Info.plist;
				IPHONEOS_DEPLOYMENT_TARGET = 13.2;
				LD_RUNPATH_SEARCH_PATHS = (
					"$(inherited)",
					"@executable_path/Frameworks",
					"@loader_path/Frameworks",
				);
				PRODUCT_BUNDLE_IDENTIFIER = com.fitzer.finalAppTests;
				PRODUCT_NAME = "$(TARGET_NAME)";
				SWIFT_VERSION = 5.0;
				TARGETED_DEVICE_FAMILY = "1,2";
				TEST_HOST = "$(BUILT_PRODUCTS_DIR)/finalApp.app/finalApp";
			};
			name = Release;
		};
		94EB02BC262DCED100C9403C /* Debug */ = {
			isa = XCBuildConfiguration;
			buildSettings = {
				ALWAYS_EMBED_SWIFT_STANDARD_LIBRARIES = YES;
				CODE_SIGN_STYLE = Automatic;
				INFOPLIST_FILE = finalAppUITests/Info.plist;
				LD_RUNPATH_SEARCH_PATHS = (
					"$(inherited)",
					"@executable_path/Frameworks",
					"@loader_path/Frameworks",
				);
				PRODUCT_BUNDLE_IDENTIFIER = com.fitzer.finalAppUITests;
				PRODUCT_NAME = "$(TARGET_NAME)";
				SWIFT_VERSION = 5.0;
				TARGETED_DEVICE_FAMILY = "1,2";
				TEST_TARGET_NAME = finalApp;
			};
			name = Debug;
		};
		94EB02BD262DCED100C9403C /* Release */ = {
			isa = XCBuildConfiguration;
			buildSettings = {
				ALWAYS_EMBED_SWIFT_STANDARD_LIBRARIES = YES;
				CODE_SIGN_STYLE = Automatic;
				INFOPLIST_FILE = finalAppUITests/Info.plist;
				LD_RUNPATH_SEARCH_PATHS = (
					"$(inherited)",
					"@executable_path/Frameworks",
					"@loader_path/Frameworks",
				);
				PRODUCT_BUNDLE_IDENTIFIER = com.fitzer.finalAppUITests;
				PRODUCT_NAME = "$(TARGET_NAME)";
				SWIFT_VERSION = 5.0;
				TARGETED_DEVICE_FAMILY = "1,2";
				TEST_TARGET_NAME = finalApp;
			};
			name = Release;
		};
/* End XCBuildConfiguration section */

/* Begin XCConfigurationList section */
		94EB0286262DCECC00C9403C /* Build configuration list for PBXProject "finalApp" */ = {
			isa = XCConfigurationList;
			buildConfigurations = (
				94EB02B3262DCED100C9403C /* Debug */,
				94EB02B4262DCED100C9403C /* Release */,
			);
			defaultConfigurationIsVisible = 0;
			defaultConfigurationName = Release;
		};
		94EB02B5262DCED100C9403C /* Build configuration list for PBXNativeTarget "finalApp" */ = {
			isa = XCConfigurationList;
			buildConfigurations = (
				94EB02B6262DCED100C9403C /* Debug */,
				94EB02B7262DCED100C9403C /* Release */,
			);
			defaultConfigurationIsVisible = 0;
			defaultConfigurationName = Release;
		};
		94EB02B8262DCED100C9403C /* Build configuration list for PBXNativeTarget "finalAppTests" */ = {
			isa = XCConfigurationList;
			buildConfigurations = (
				94EB02B9262DCED100C9403C /* Debug */,
				94EB02BA262DCED100C9403C /* Release */,
			);
			defaultConfigurationIsVisible = 0;
			defaultConfigurationName = Release;
		};
		94EB02BB262DCED100C9403C /* Build configuration list for PBXNativeTarget "finalAppUITests" */ = {
			isa = XCConfigurationList;
			buildConfigurations = (
				94EB02BC262DCED100C9403C /* Debug */,
				94EB02BD262DCED100C9403C /* Release */,
			);
			defaultConfigurationIsVisible = 0;
			defaultConfigurationName = Release;
		};
/* End XCConfigurationList section */
	};
	rootObject = 94EB0283262DCECC00C9403C /* Project object */;
}
